<?xml version="1.0" encoding="utf-8"?>
<Project ToolsVersion="4.0" xmlns="http://schemas.microsoft.com/developer/msbuild/2003">
  <ItemGroup>
    <ClCompile Include="main.cpp" />
    <ClCompile Include="3rdparty\imgui\imgui.cpp">
      <Filter>3rdparty\imgui</Filter>
    </ClCompile>
    <ClCompile Include="3rdparty\imgui\imgui_demo.cpp">
      <Filter>3rdparty\imgui</Filter>
    </ClCompile>
    <ClCompile Include="3rdparty\imgui\imgui_draw.cpp">
      <Filter>3rdparty\imgui</Filter>
    </ClCompile>
    <ClCompile Include="3rdparty\imgui\imgui_stdlib.cpp">
      <Filter>3rdparty\imgui</Filter>
    </ClCompile>
    <ClCompile Include="3rdparty\imgui\imgui_tables.cpp">
      <Filter>3rdparty\imgui</Filter>
    </ClCompile>
    <ClCompile Include="3rdparty\imgui\imgui_widgets.cpp">
      <Filter>3rdparty\imgui</Filter>
    </ClCompile>
    <ClCompile Include="3rdparty\imgui\rlImGui.cpp">
      <Filter>3rdparty\imgui</Filter>
    </ClCompile>
    <ClCompile Include="app.cpp" />
    <ClCompile Include="assets.cpp" />
    <ClCompile Include="dialogs.cpp" />
    <ClCompile Include="ent.cpp" />
    <ClCompile Include="ent_mode.cpp" />
    <ClCompile Include="map_man.cpp" />
    <ClCompile Include="map_man_export.cpp" />
    <ClCompile Include="map_man_te2.cpp" />
    <ClCompile Include="menu_bar.cpp" />
    <ClCompile Include="pick_mode.cpp" />
    <ClCompile Include="place_mode.cpp" />
    <ClCompile Include="tile.cpp" />
  </ItemGroup>
  <ItemGroup>
    <Filter Include="3rdparty">
      <UniqueIdentifier>{20847b35-ea55-4d4c-9fac-209ffc0d5697}</UniqueIdentifier>
    </Filter>
    <Filter Include="3rdparty\imgui">
      <UniqueIdentifier>{74d5bd3b-2e38-42ce-96d6-5e9b55087090}</UniqueIdentifier>
    </Filter>
    <Filter Include="assets">
      <UniqueIdentifier>{7d4a9b26-6dc7-47ea-9e06-cdc6e1dea2e8}</UniqueIdentifier>
    </Filter>
    <Filter Include="assets\fonts">
      <UniqueIdentifier>{d46497b0-3b84-4987-900b-37d53c32a805}</UniqueIdentifier>
    </Filter>
    <Filter Include="assets\shaders">
      <UniqueIdentifier>{163a2e1a-ad2a-41bd-aa37-76b606a355e6}</UniqueIdentifier>
    </Filter>
  </ItemGroup>
  <ItemGroup>
    <ClInclude Include="assets\shaders\map_shader.h">
      <Filter>assets\shaders</Filter>
    </ClInclude>
    <ClInclude Include="assets\shaders\sprite_shader.h">
      <Filter>assets\shaders</Filter>
    </ClInclude>
    <ClInclude Include="assets\fonts\font_dejavu.h">
      <Filter>assets\fonts</Filter>
    </ClInclude>
    <ClInclude Include="assets\fonts\softball_gold_ttf.h">
      <Filter>assets\fonts</Filter>
    </ClInclude>
    <ClInclude Include="app.h" />
    <ClInclude Include="assets.h" />
    <ClInclude Include="c_helpers.h" />
    <ClInclude Include="dialogs.h" />
    <ClInclude Include="draw_extras.h" />
    <ClInclude Include="ent.h" />
    <ClInclude Include="ent_mode.h" />
    <ClInclude Include="grid.h" />
    <ClInclude Include="map_man.h" />
    <ClInclude Include="math_stuff.h" />
    <ClInclude Include="menu_bar.h" />
    <ClInclude Include="pick_mode.h" />
    <ClInclude Include="place_mode.h" />
    <ClInclude Include="text_util.h" />
    <ClInclude Include="tile.h" />
  </ItemGroup>
</Project>