
Microsoft Visual Studio Solution File, Format Version 12.00
# Visual Studio Version 17
VisualStudioVersion = 17.11.35103.136
MinimumVisualStudioVersion = 10.0.40219.1
Project("{2150E333-8FDC-42A3-9474-1A3956D46DE8}") = "DOC", "DOC", "{2CF94783-26C1-4921-8E41-73594FE16BE8}"
	ProjectSection(SolutionItems) = preProject
		IdeaGame.md = IdeaGame.md
		TODO.md = TODO.md
	EndProjectSection
EndProject
Project("{8BC9CEB8-8B4A-11D0-8D11-00A0C91BC942}") = "MinimalVulkanTests", "MinimalVulkanTests\MinimalVulkanTests.vcxproj", "{F43A1FA0-40A5-4F3F-9915-A203E9F7DE43}"
EndProject
Project("{8BC9CEB8-8B4A-11D0-8D11-00A0C91BC942}") = "VulkanLessons", "VulkanLessons\VulkanLessons.vcxproj", "{B2A49F0F-0C2E-4405-8729-66A4A312C85B}"
EndProject
Global
	GlobalSection(SolutionConfigurationPlatforms) = preSolution
		Debug|x64 = Debug|x64
		Release|x64 = Release|x64
	EndGlobalSection
	GlobalSection(ProjectConfigurationPlatforms) = postSolution
		{F43A1FA0-40A5-4F3F-9915-A203E9F7DE43}.Debug|x64.ActiveCfg = Debug|x64
		{F43A1FA0-40A5-4F3F-9915-A203E9F7DE43}.Debug|x64.Build.0 = Debug|x64
		{F43A1FA0-40A5-4F3F-9915-A203E9F7DE43}.Release|x64.ActiveCfg = Release|x64
		{F43A1FA0-40A5-4F3F-9915-A203E9F7DE43}.Release|x64.Build.0 = Release|x64
		{B2A49F0F-0C2E-4405-8729-66A4A312C85B}.Debug|x64.ActiveCfg = Debug|x64
		{B2A49F0F-0C2E-4405-8729-66A4A312C85B}.Debug|x64.Build.0 = Debug|x64
		{B2A49F0F-0C2E-4405-8729-66A4A312C85B}.Release|x64.ActiveCfg = Release|x64
		{B2A49F0F-0C2E-4405-8729-66A4A312C85B}.Release|x64.Build.0 = Release|x64
	EndGlobalSection
	GlobalSection(SolutionProperties) = preSolution
		HideSolutionNode = FALSE
	EndGlobalSection
	GlobalSection(ExtensibilityGlobals) = postSolution
		SolutionGuid = {4C917DBD-7ACD-4997-B46B-B97DDE6C95AB}
	EndGlobalSection
EndGlobal
