
Microsoft Visual Studio Solution File, Format Version 12.00
# Visual Studio Version 17
VisualStudioVersion = 17.11.35103.136
MinimumVisualStudioVersion = 10.0.40219.1
Project("{2150E333-8FDC-42A3-9474-1A3956D46DE8}") = "DOC", "DOC", "{2CF94783-26C1-4921-8E41-73594FE16BE8}"
	ProjectSection(SolutionItems) = preProject
		IdeaGame.md = IdeaGame.md
		TODO.md = TODO.md
	EndProjectSection
EndProject
Project("{8BC9CEB8-8B4A-11D0-8D11-00A0C91BC942}") = "NewFPS", "NewFPS\NewFPS.vcxproj", "{B43BE32E-1B20-44EA-AFFF-266C0EA7AFF5}"
	ProjectSection(ProjectDependencies) = postProject
		{7192DED7-6F6D-4082-B809-E565FA8B4CBB} = {7192DED7-6F6D-4082-B809-E565FA8B4CBB}
		{A8451576-0372-4F16-9A1C-EC4059FBA3EF} = {A8451576-0372-4F16-9A1C-EC4059FBA3EF}
	EndProjectSection
EndProject
Project("{8BC9CEB8-8B4A-11D0-8D11-00A0C91BC942}") = "NanoEngine", "NanoEngine\NanoEngine.vcxproj", "{7192DED7-6F6D-4082-B809-E565FA8B4CBB}"
EndProject
Project("{8BC9CEB8-8B4A-11D0-8D11-00A0C91BC942}") = "NanoEngine3rdparty", "3rdparty\NanoEngine3rdparty.vcxproj", "{A8451576-0372-4F16-9A1C-EC4059FBA3EF}"
EndProject
Project("{8BC9CEB8-8B4A-11D0-8D11-00A0C91BC942}") = "Editor", "Editor\Editor.vcxproj", "{6DEA77C9-7612-470E-B1AB-1FC6359E32A8}"
EndProject
Project("{8BC9CEB8-8B4A-11D0-8D11-00A0C91BC942}") = "FPS", "FPS\FPS.vcxproj", "{8E4C81E2-8DFC-4DD0-B353-6C84EF917F1B}"
EndProject
Project("{2150E333-8FDC-42A3-9474-1A3956D46DE8}") = "OLD", "OLD", "{C78F840E-8BFE-4D48-AF3D-AFF7C2C2F72D}"
EndProject
Project("{8BC9CEB8-8B4A-11D0-8D11-00A0C91BC942}") = "Example", "Example\Example.vcxproj", "{BF18AC2D-C73F-4537-B654-71B7F6A23563}"
EndProject
Global
	GlobalSection(SolutionConfigurationPlatforms) = preSolution
		Debug|x64 = Debug|x64
		Release|x64 = Release|x64
	EndGlobalSection
	GlobalSection(ProjectConfigurationPlatforms) = postSolution
		{B43BE32E-1B20-44EA-AFFF-266C0EA7AFF5}.Debug|x64.ActiveCfg = Debug|x64
		{B43BE32E-1B20-44EA-AFFF-266C0EA7AFF5}.Debug|x64.Build.0 = Debug|x64
		{B43BE32E-1B20-44EA-AFFF-266C0EA7AFF5}.Release|x64.ActiveCfg = Release|x64
		{B43BE32E-1B20-44EA-AFFF-266C0EA7AFF5}.Release|x64.Build.0 = Release|x64
		{7192DED7-6F6D-4082-B809-E565FA8B4CBB}.Debug|x64.ActiveCfg = Debug|x64
		{7192DED7-6F6D-4082-B809-E565FA8B4CBB}.Debug|x64.Build.0 = Debug|x64
		{7192DED7-6F6D-4082-B809-E565FA8B4CBB}.Release|x64.ActiveCfg = Release|x64
		{7192DED7-6F6D-4082-B809-E565FA8B4CBB}.Release|x64.Build.0 = Release|x64
		{A8451576-0372-4F16-9A1C-EC4059FBA3EF}.Debug|x64.ActiveCfg = Debug|x64
		{A8451576-0372-4F16-9A1C-EC4059FBA3EF}.Debug|x64.Build.0 = Debug|x64
		{A8451576-0372-4F16-9A1C-EC4059FBA3EF}.Release|x64.ActiveCfg = Release|x64
		{A8451576-0372-4F16-9A1C-EC4059FBA3EF}.Release|x64.Build.0 = Release|x64
		{6DEA77C9-7612-470E-B1AB-1FC6359E32A8}.Debug|x64.ActiveCfg = Debug|x64
		{6DEA77C9-7612-470E-B1AB-1FC6359E32A8}.Debug|x64.Build.0 = Debug|x64
		{6DEA77C9-7612-470E-B1AB-1FC6359E32A8}.Release|x64.ActiveCfg = Release|x64
		{6DEA77C9-7612-470E-B1AB-1FC6359E32A8}.Release|x64.Build.0 = Release|x64
		{8E4C81E2-8DFC-4DD0-B353-6C84EF917F1B}.Debug|x64.ActiveCfg = Debug|x64
		{8E4C81E2-8DFC-4DD0-B353-6C84EF917F1B}.Debug|x64.Build.0 = Debug|x64
		{8E4C81E2-8DFC-4DD0-B353-6C84EF917F1B}.Release|x64.ActiveCfg = Release|x64
		{8E4C81E2-8DFC-4DD0-B353-6C84EF917F1B}.Release|x64.Build.0 = Release|x64
		{BF18AC2D-C73F-4537-B654-71B7F6A23563}.Debug|x64.ActiveCfg = Debug|x64
		{BF18AC2D-C73F-4537-B654-71B7F6A23563}.Debug|x64.Build.0 = Debug|x64
		{BF18AC2D-C73F-4537-B654-71B7F6A23563}.Release|x64.ActiveCfg = Release|x64
		{BF18AC2D-C73F-4537-B654-71B7F6A23563}.Release|x64.Build.0 = Release|x64
	EndGlobalSection
	GlobalSection(SolutionProperties) = preSolution
		HideSolutionNode = FALSE
	EndGlobalSection
	GlobalSection(NestedProjects) = preSolution
		{8E4C81E2-8DFC-4DD0-B353-6C84EF917F1B} = {C78F840E-8BFE-4D48-AF3D-AFF7C2C2F72D}
	EndGlobalSection
	GlobalSection(ExtensibilityGlobals) = postSolution
		SolutionGuid = {4C917DBD-7ACD-4997-B46B-B97DDE6C95AB}
	EndGlobalSection
EndGlobal
