<?xml version="1.0" encoding="utf-8"?>
<Project ToolsVersion="4.0" xmlns="http://schemas.microsoft.com/developer/msbuild/2003">
  <ItemGroup>
    <ClCompile Include="Core.cpp">
      <Filter>engine</Filter>
    </ClCompile>
    <ClCompile Include="Application.cpp">
      <Filter>engine</Filter>
    </ClCompile>
    <ClCompile Include="Platform.cpp">
      <Filter>engine</Filter>
    </ClCompile>
    <ClCompile Include="RenderCore.cpp">
      <Filter>engine\Render</Filter>
    </ClCompile>
    <ClCompile Include="RenderResources.cpp">
      <Filter>engine\Render</Filter>
    </ClCompile>
    <ClCompile Include="RenderDevice.cpp">
      <Filter>engine\Render</Filter>
    </ClCompile>
    <ClCompile Include="RenderSystem.cpp">
      <Filter>engine\Render</Filter>
    </ClCompile>
    <ClCompile Include="stdafx.cpp" />
    <ClCompile Include="..\3rdparty\VkBootstrap\VkBootstrap.cpp">
      <Filter>3rdparty\VkBootstrap</Filter>
    </ClCompile>
  </ItemGroup>
  <ItemGroup>
    <Filter Include="3rdparty">
      <UniqueIdentifier>{b323eaaf-e86f-4c89-987a-1d113b743e42}</UniqueIdentifier>
    </Filter>
    <Filter Include="engine">
      <UniqueIdentifier>{4a2d847e-e9f6-46e2-acca-6afc8101b0ea}</UniqueIdentifier>
    </Filter>
    <Filter Include="engine\Render">
      <UniqueIdentifier>{26ff6c62-b739-4d1e-ad7a-44ef159a0629}</UniqueIdentifier>
    </Filter>
    <Filter Include="3rdparty\VkBootstrap">
      <UniqueIdentifier>{34d9a81a-f411-4ea7-94a2-50721a41adc3}</UniqueIdentifier>
    </Filter>
  </ItemGroup>
  <ItemGroup>
    <ClInclude Include="NanoEngine.h" />
    <ClInclude Include="Base.h">
      <Filter>engine</Filter>
    </ClInclude>
    <ClInclude Include="Core.h">
      <Filter>engine</Filter>
    </ClInclude>
    <ClInclude Include="Application.h">
      <Filter>engine</Filter>
    </ClInclude>
    <ClInclude Include="Platform.h">
      <Filter>engine</Filter>
    </ClInclude>
    <ClInclude Include="RenderCore.h">
      <Filter>engine\Render</Filter>
    </ClInclude>
    <ClInclude Include="RenderResources.h">
      <Filter>engine\Render</Filter>
    </ClInclude>
    <ClInclude Include="RenderDevice.h">
      <Filter>engine\Render</Filter>
    </ClInclude>
    <ClInclude Include="RenderSystem.h">
      <Filter>engine\Render</Filter>
    </ClInclude>
    <ClInclude Include="stdafx.h" />
    <ClInclude Include="..\3rdparty\VkBootstrap\VkBootstrap.h">
      <Filter>3rdparty\VkBootstrap</Filter>
    </ClInclude>
    <ClInclude Include="..\3rdparty\VkBootstrap\VkBootstrapDispatch.h">
      <Filter>3rdparty\VkBootstrap</Filter>
    </ClInclude>
  </ItemGroup>
</Project>