<?xml version="1.0" encoding="utf-8"?>
<Project ToolsVersion="4.0" xmlns="http://schemas.microsoft.com/developer/msbuild/2003">
  <ItemGroup>
    <ClCompile Include="Core.cpp">
      <Filter>engine</Filter>
    </ClCompile>
    <ClCompile Include="Application.cpp">
      <Filter>engine</Filter>
    </ClCompile>
    <ClCompile Include="Platform.cpp">
      <Filter>engine</Filter>
    </ClCompile>
    <ClCompile Include="stdafx.cpp" />
    <ClCompile Include="RenderCore.cpp">
      <Filter>engine\Render</Filter>
    </ClCompile>
    <ClCompile Include="RenderDevice.cpp">
      <Filter>engine\Render</Filter>
    </ClCompile>
    <ClCompile Include="RenderResources.cpp">
      <Filter>engine\Render</Filter>
    </ClCompile>
    <ClCompile Include="RenderSystem.cpp">
      <Filter>engine\Render</Filter>
    </ClCompile>
    <ClCompile Include="Scene.cpp">
      <Filter>engine</Filter>
    </ClCompile>
    <ClCompile Include="Graphics.cpp">
      <Filter>engine</Filter>
    </ClCompile>
    <ClCompile Include="CoreData.cpp">
      <Filter>engine</Filter>
    </ClCompile>
    <ClCompile Include="Physics.cpp">
      <Filter>engine</Filter>
    </ClCompile>
  </ItemGroup>
  <ItemGroup>
    <Filter Include="engine">
      <UniqueIdentifier>{4a2d847e-e9f6-46e2-acca-6afc8101b0ea}</UniqueIdentifier>
    </Filter>
    <Filter Include="engine\Render">
      <UniqueIdentifier>{26ff6c62-b739-4d1e-ad7a-44ef159a0629}</UniqueIdentifier>
    </Filter>
  </ItemGroup>
  <ItemGroup>
    <ClInclude Include="NanoEngine.h" />
    <ClInclude Include="Base.h">
      <Filter>engine</Filter>
    </ClInclude>
    <ClInclude Include="Core.h">
      <Filter>engine</Filter>
    </ClInclude>
    <ClInclude Include="Application.h">
      <Filter>engine</Filter>
    </ClInclude>
    <ClInclude Include="Platform.h">
      <Filter>engine</Filter>
    </ClInclude>
    <ClInclude Include="stdafx.h" />
    <ClInclude Include="RenderCore.h">
      <Filter>engine\Render</Filter>
    </ClInclude>
    <ClInclude Include="RenderDevice.h">
      <Filter>engine\Render</Filter>
    </ClInclude>
    <ClInclude Include="RenderResources.h">
      <Filter>engine\Render</Filter>
    </ClInclude>
    <ClInclude Include="RenderSystem.h">
      <Filter>engine\Render</Filter>
    </ClInclude>
    <ClInclude Include="Scene.h">
      <Filter>engine</Filter>
    </ClInclude>
    <ClInclude Include="Graphics.h">
      <Filter>engine</Filter>
    </ClInclude>
    <ClInclude Include="CoreData.h">
      <Filter>engine</Filter>
    </ClInclude>
    <ClInclude Include="Physics.h">
      <Filter>engine</Filter>
    </ClInclude>
  </ItemGroup>
</Project>