<?xml version="1.0" encoding="utf-8"?>
<Project ToolsVersion="4.0" xmlns="http://schemas.microsoft.com/developer/msbuild/2003">
  <ItemGroup>
    <ClCompile Include="Core.cpp">
      <Filter>engine</Filter>
    </ClCompile>
    <ClCompile Include="Application.cpp">
      <Filter>engine</Filter>
    </ClCompile>
    <ClCompile Include="Platform.cpp">
      <Filter>engine</Filter>
    </ClCompile>
    <ClCompile Include="..\3rdparty\imgui\imgui_widgets.cpp">
      <Filter>3rdparty\imgui</Filter>
    </ClCompile>
    <ClCompile Include="..\3rdparty\imgui\imgui.cpp">
      <Filter>3rdparty\imgui</Filter>
    </ClCompile>
    <ClCompile Include="..\3rdparty\imgui\imgui_draw.cpp">
      <Filter>3rdparty\imgui</Filter>
    </ClCompile>
    <ClCompile Include="..\3rdparty\imgui\imgui_impl_glfw.cpp">
      <Filter>3rdparty\imgui</Filter>
    </ClCompile>
    <ClCompile Include="..\3rdparty\imgui\imgui_impl_vulkan.cpp">
      <Filter>3rdparty\imgui</Filter>
    </ClCompile>
    <ClCompile Include="..\3rdparty\imgui\imgui_tables.cpp">
      <Filter>3rdparty\imgui</Filter>
    </ClCompile>
    <ClCompile Include="RenderCore.cpp">
      <Filter>engine\Render</Filter>
    </ClCompile>
    <ClCompile Include="RenderResources.cpp">
      <Filter>engine\Render</Filter>
    </ClCompile>
    <ClCompile Include="RenderDevice.cpp">
      <Filter>engine\Render</Filter>
    </ClCompile>
    <ClCompile Include="..\3rdparty\stb\stb.cpp">
      <Filter>3rdparty\stb</Filter>
    </ClCompile>
    <ClCompile Include="..\3rdparty\tiny_obj_loader.cpp">
      <Filter>3rdparty\tiny_obj_loader</Filter>
    </ClCompile>
  </ItemGroup>
  <ItemGroup>
    <Filter Include="3rdparty">
      <UniqueIdentifier>{b323eaaf-e86f-4c89-987a-1d113b743e42}</UniqueIdentifier>
    </Filter>
    <Filter Include="engine">
      <UniqueIdentifier>{4a2d847e-e9f6-46e2-acca-6afc8101b0ea}</UniqueIdentifier>
    </Filter>
    <Filter Include="3rdparty\imgui">
      <UniqueIdentifier>{042b717e-2963-439d-a7b9-614a935a593c}</UniqueIdentifier>
    </Filter>
    <Filter Include="engine\Render">
      <UniqueIdentifier>{26ff6c62-b739-4d1e-ad7a-44ef159a0629}</UniqueIdentifier>
    </Filter>
    <Filter Include="3rdparty\stb">
      <UniqueIdentifier>{ac2d33f8-79ef-4945-8512-1f7d45b36312}</UniqueIdentifier>
    </Filter>
    <Filter Include="3rdparty\tiny_obj_loader">
      <UniqueIdentifier>{b4daa4dd-ec39-42c8-8267-17808a844df6}</UniqueIdentifier>
    </Filter>
  </ItemGroup>
  <ItemGroup>
    <ClInclude Include="NanoEngine.h" />
    <ClInclude Include="Base.h">
      <Filter>engine</Filter>
    </ClInclude>
    <ClInclude Include="Core.h">
      <Filter>engine</Filter>
    </ClInclude>
    <ClInclude Include="Application.h">
      <Filter>engine</Filter>
    </ClInclude>
    <ClInclude Include="Platform.h">
      <Filter>engine</Filter>
    </ClInclude>
    <ClInclude Include="..\3rdparty\imgui\imstb_rectpack.h">
      <Filter>3rdparty\imgui</Filter>
    </ClInclude>
    <ClInclude Include="..\3rdparty\imgui\imstb_textedit.h">
      <Filter>3rdparty\imgui</Filter>
    </ClInclude>
    <ClInclude Include="..\3rdparty\imgui\imstb_truetype.h">
      <Filter>3rdparty\imgui</Filter>
    </ClInclude>
    <ClInclude Include="..\3rdparty\imgui\imconfig.h">
      <Filter>3rdparty\imgui</Filter>
    </ClInclude>
    <ClInclude Include="..\3rdparty\imgui\imgui.h">
      <Filter>3rdparty\imgui</Filter>
    </ClInclude>
    <ClInclude Include="..\3rdparty\imgui\imgui_impl_glfw.h">
      <Filter>3rdparty\imgui</Filter>
    </ClInclude>
    <ClInclude Include="..\3rdparty\imgui\imgui_impl_vulkan.h">
      <Filter>3rdparty\imgui</Filter>
    </ClInclude>
    <ClInclude Include="..\3rdparty\imgui\imgui_internal.h">
      <Filter>3rdparty\imgui</Filter>
    </ClInclude>
    <ClInclude Include="RenderCore.h">
      <Filter>engine\Render</Filter>
    </ClInclude>
    <ClInclude Include="RenderResources.h">
      <Filter>engine\Render</Filter>
    </ClInclude>
    <ClInclude Include="RenderDevice.h">
      <Filter>engine\Render</Filter>
    </ClInclude>
    <ClInclude Include="..\3rdparty\stb\stb_truetype.h">
      <Filter>3rdparty\stb</Filter>
    </ClInclude>
    <ClInclude Include="..\3rdparty\stb\stb_image_resize.h">
      <Filter>3rdparty\stb</Filter>
    </ClInclude>
    <ClInclude Include="..\3rdparty\stb\stb_image.h">
      <Filter>3rdparty\stb</Filter>
    </ClInclude>
    <ClInclude Include="..\3rdparty\stb\stb_image_write.h">
      <Filter>3rdparty\stb</Filter>
    </ClInclude>
    <ClInclude Include="..\3rdparty\tiny_obj_loader.h">
      <Filter>3rdparty\tiny_obj_loader</Filter>
    </ClInclude>
  </ItemGroup>
</Project>