<?xml version="1.0" encoding="utf-8"?>
<Project ToolsVersion="4.0" xmlns="http://schemas.microsoft.com/developer/msbuild/2003">
  <ItemGroup>
    <ClCompile Include="main.cpp" />
    <ClCompile Include="GameApp.cpp" />
    <ClCompile Include="stdafx.cpp" />
    <ClCompile Include="Player.cpp">
      <Filter>game</Filter>
    </ClCompile>
    <ClCompile Include="World.cpp">
      <Filter>game</Filter>
    </ClCompile>
    <ClCompile Include="PerFrame.cpp">
      <Filter>game\Core</Filter>
    </ClCompile>
    <ClCompile Include="Entity.cpp">
      <Filter>game</Filter>
    </ClCompile>
    <ClCompile Include="Light.cpp">
      <Filter>game</Filter>
    </ClCompile>
  </ItemGroup>
  <ItemGroup>
    <ClInclude Include="GameApp.h" />
    <ClInclude Include="stdafx.h" />
    <ClInclude Include="Player.h">
      <Filter>game</Filter>
    </ClInclude>
    <ClInclude Include="World.h">
      <Filter>game</Filter>
    </ClInclude>
    <ClInclude Include="PerFrame.h">
      <Filter>game\Core</Filter>
    </ClInclude>
    <ClInclude Include="Entity.h">
      <Filter>game</Filter>
    </ClInclude>
    <ClInclude Include="Light.h">
      <Filter>game</Filter>
    </ClInclude>
  </ItemGroup>
  <ItemGroup>
    <Filter Include="game">
      <UniqueIdentifier>{c6d647a1-c52c-43b7-9e12-36a141c56c8f}</UniqueIdentifier>
    </Filter>
    <Filter Include="game\Core">
      <UniqueIdentifier>{150feeb2-f5be-470d-bbd8-22cc6990bace}</UniqueIdentifier>
    </Filter>
  </ItemGroup>
</Project>